# generated by rye
# use `rye lock` or `rye sync` to update this lockfile
#
# last locked with the following flags:
#   pre: false
#   features: []
#   all-features: false
#   with-sources: false
#   generate-hashes: false

aenum==3.1.15
aiohttp==3.9.3
    # via python-binance
aiosignal==1.3.1
    # via aiohttp
annotated-types==0.6.0
    # via pydantic
anyio==4.3.0
    # via httpx
    # via starlette
    # via watchfiles
arq==0.25.0
asgiref==3.8.1
    # via opentelemetry-instrumentation-asgi
async-asgi-testclient==1.4.11
asyncpg==0.29.0
attrs==23.2.0
    # via aiohttp
bcrypt==4.1.2
certifi==2024.2.2
    # via httpcore
    # via httpx
    # via requests
cffi==1.16.0
    # via cryptography
charset-normalizer==3.3.2
    # via requests
click==8.1.7
    # via arq
    # via typer
    # via uvicorn
colorama==0.4.6
    # via click
    # via loguru
    # via pytest
    # via uvicorn
cryptography==42.0.5
    # via python-jose
dateparser==1.2.0
    # via python-binance
deprecated==1.2.14
    # via opentelemetry-api
    # via opentelemetry-exporter-otlp-proto-grpc
    # via opentelemetry-exporter-otlp-proto-http
dnspython==2.6.1
    # via email-validator
ecdsa==0.18.0
    # via python-jose
email-validator==2.1.1
    # via fastapi
    # via pydantic
executing==2.0.1
    # via logfire
fastapi==0.111.0
    # via fastapi-cli
    # via fastapi-limiter
fastapi-cli==0.0.2
    # via fastapi
fastapi-limiter==0.1.6
frozenlist==1.4.1
    # via aiohttp
    # via aiosignal
googleapis-common-protos==1.63.0
    # via opentelemetry-exporter-otlp-proto-grpc
    # via opentelemetry-exporter-otlp-proto-http
greenlet==3.0.3
    # via sqlalchemy
grpcio==1.63.0
    # via opentelemetry-exporter-otlp-proto-grpc
h11==0.14.0
    # via httpcore
    # via uvicorn
hiredis==2.3.2
    # via redis
httpcore==1.0.5
    # via httpx
httptools==0.6.1
    # via uvicorn
httpx==0.27.0
    # via fastapi
    # via httpx-oauth
httpx-oauth==0.13.3
idna==3.6
    # via anyio
    # via email-validator
    # via httpx
    # via requests
    # via yarl
importlib-metadata==7.0.0
    # via opentelemetry-api
iniconfig==2.0.0
    # via pytest
jinja2==3.1.3
    # via fastapi
logfire==0.35.0
loguru==0.7.2
markdown-it-py==3.0.0
    # via rich
markupsafe==2.1.5
    # via jinja2
mdurl==0.1.2
    # via markdown-it-py
multidict==6.0.5
    # via aiohttp
    # via async-asgi-testclient
    # via yarl
numpy==1.26.4
    # via pandas
opentelemetry-api==1.24.0
    # via opentelemetry-exporter-otlp-proto-grpc
    # via opentelemetry-exporter-otlp-proto-http
    # via opentelemetry-exporter-prometheus
    # via opentelemetry-instrumentation
    # via opentelemetry-instrumentation-aiohttp-client
    # via opentelemetry-instrumentation-asgi
    # via opentelemetry-instrumentation-fastapi
    # via opentelemetry-instrumentation-httpx
    # via opentelemetry-instrumentation-redis
    # via opentelemetry-instrumentation-sqlalchemy
    # via opentelemetry-instrumentation-system-metrics
    # via opentelemetry-sdk
opentelemetry-exporter-otlp==1.24.0
opentelemetry-exporter-otlp-proto-common==1.24.0
    # via opentelemetry-exporter-otlp-proto-grpc
    # via opentelemetry-exporter-otlp-proto-http
opentelemetry-exporter-otlp-proto-grpc==1.24.0
    # via opentelemetry-exporter-otlp
opentelemetry-exporter-otlp-proto-http==1.24.0
    # via logfire
    # via opentelemetry-exporter-otlp
opentelemetry-exporter-prometheus==0.45b0
opentelemetry-instrumentation==0.45b0
    # via logfire
    # via opentelemetry-instrumentation-aiohttp-client
    # via opentelemetry-instrumentation-asgi
    # via opentelemetry-instrumentation-fastapi
    # via opentelemetry-instrumentation-httpx
    # via opentelemetry-instrumentation-redis
    # via opentelemetry-instrumentation-sqlalchemy
    # via opentelemetry-instrumentation-system-metrics
opentelemetry-instrumentation-aiohttp-client==0.45b0
    # via logfire
opentelemetry-instrumentation-asgi==0.45b0
    # via opentelemetry-instrumentation-fastapi
opentelemetry-instrumentation-fastapi==0.45b0
    # via logfire
opentelemetry-instrumentation-httpx==0.45b0
    # via logfire
opentelemetry-instrumentation-redis==0.45b0
    # via logfire
opentelemetry-instrumentation-sqlalchemy==0.45b0
    # via logfire
opentelemetry-instrumentation-system-metrics==0.45b0
    # via logfire
opentelemetry-proto==1.24.0
    # via opentelemetry-exporter-otlp-proto-common
    # via opentelemetry-exporter-otlp-proto-grpc
    # via opentelemetry-exporter-otlp-proto-http
opentelemetry-sdk==1.24.0
    # via logfire
    # via opentelemetry-exporter-otlp-proto-grpc
    # via opentelemetry-exporter-otlp-proto-http
    # via opentelemetry-exporter-prometheus
    # via opentelemetry-instrumentation-system-metrics
opentelemetry-semantic-conventions==0.45b0
    # via opentelemetry-instrumentation-aiohttp-client
    # via opentelemetry-instrumentation-asgi
    # via opentelemetry-instrumentation-fastapi
    # via opentelemetry-instrumentation-httpx
    # via opentelemetry-instrumentation-redis
    # via opentelemetry-instrumentation-sqlalchemy
    # via opentelemetry-sdk
opentelemetry-util-http==0.45b0
    # via opentelemetry-instrumentation-aiohttp-client
    # via opentelemetry-instrumentation-asgi
    # via opentelemetry-instrumentation-fastapi
    # via opentelemetry-instrumentation-httpx
orjson==3.10.0
    # via fastapi
packaging==24.0
    # via opentelemetry-instrumentation-sqlalchemy
    # via pytest
pandas==2.2.2
pluggy==1.5.0
    # via pytest
prometheus-client==0.20.0
    # via opentelemetry-exporter-prometheus
protobuf==4.25.3
    # via googleapis-common-protos
    # via logfire
    # via opentelemetry-proto
psutil==5.9.8
    # via opentelemetry-instrumentation-system-metrics
pyasn1==0.6.0
    # via python-jose
    # via rsa
pycparser==2.22
    # via cffi
pycryptodome==3.20.0
    # via python-binance
pydantic==2.7.1
    # via fastapi
    # via pydantic-settings
    # via sqlmodel
pydantic-core==2.18.2
    # via pydantic
pydantic-settings==2.2.1
pygments==2.17.2
    # via rich
pytest==8.2.0
    # via pytest-asyncio
pytest-asyncio==0.23.6
python-binance==1.0.19
python-dateutil==2.9.0.post0
    # via dateparser
    # via pandas
python-dotenv==1.0.1
    # via pydantic-settings
    # via uvicorn
python-http-client==3.3.7
    # via sendgrid
python-jose==3.3.0
python-multipart==0.0.9
    # via fastapi
pytz==2024.1
    # via dateparser
    # via pandas
pyyaml==6.0.1
    # via uvicorn
redis==5.0.3
    # via arq
    # via fastapi-limiter
regex==2023.12.25
    # via dateparser
requests==2.31.0
    # via async-asgi-testclient
    # via opentelemetry-exporter-otlp-proto-http
    # via python-binance
rich==13.7.1
    # via logfire
    # via typer
rsa==4.9
    # via python-jose
sendgrid==6.11.0
setuptools==69.5.1
    # via opentelemetry-instrumentation
shellingham==1.5.4
    # via typer
six==1.16.0
    # via ecdsa
    # via python-binance
    # via python-dateutil
sniffio==1.3.1
    # via anyio
    # via httpx
sqlalchemy==2.0.29
    # via sqlmodel
sqlmodel==0.0.18
starkbank-ecdsa==2.2.0
    # via sendgrid
starlette==0.37.2
    # via fastapi
typer==0.12.3
    # via fastapi-cli
typing-extensions==4.11.0
    # via arq
    # via fastapi
    # via logfire
    # via opentelemetry-sdk
    # via pydantic
    # via pydantic-core
    # via sqlalchemy
    # via typer
tzdata==2024.1
    # via pandas
    # via tzlocal
tzlocal==5.2
    # via dateparser
ujson==5.9.0
    # via fastapi
    # via python-binance
urllib3==2.2.1
    # via requests
uvicorn==0.29.0
    # via fastapi
    # via fastapi-cli
watchfiles==0.21.0
    # via uvicorn
websockets==12.0
    # via python-binance
    # via uvicorn
win32-setctime==1.1.0
    # via loguru
wrapt==1.16.0
    # via deprecated
    # via opentelemetry-instrumentation
    # via opentelemetry-instrumentation-aiohttp-client
    # via opentelemetry-instrumentation-redis
    # via opentelemetry-instrumentation-sqlalchemy
yarl==1.9.4
    # via aiohttp
zipp==3.18.1
    # via importlib-metadata
